
Microsoft Visual Studio Solution File, Format Version 12.00
# Visual Studio 15
VisualStudioVersion = 15.0.28010.2048
MinimumVisualStudioVersion = 10.0.40219.1
Project("{FAE04EC0-301F-11D3-BF4B-00C04F79EFBC}") = "MyDogEF", "MyDogEF\MyDogEF.csproj", "{E361FFB2-0663-4DBE-B361-8198061A24E9}"
EndProject
Global
	GlobalSection(SolutionConfigurationPlatforms) = preSolution
		Debug|Any CPU = Debug|Any CPU
		Release|Any CPU = Release|Any CPU
	EndGlobalSection
	GlobalSection(ProjectConfigurationPlatforms) = postSolution
		{E361FFB2-0663-4DBE-B361-8198061A24E9}.Debug|Any CPU.ActiveCfg = Debug|Any CPU
		{E361FFB2-0663-4DBE-B361-8198061A24E9}.Debug|Any CPU.Build.0 = Debug|Any CPU
		{E361FFB2-0663-4DBE-B361-8198061A24E9}.Release|Any CPU.ActiveCfg = Release|Any CPU
		{E361FFB2-0663-4DBE-B361-8198061A24E9}.Release|Any CPU.Build.0 = Release|Any CPU
	EndGlobalSection
	GlobalSection(SolutionProperties) = preSolution
		HideSolutionNode = FALSE
	EndGlobalSection
	GlobalSection(ExtensibilityGlobals) = postSolution
		SolutionGuid = {E0A43D17-C374-4BAB-BFB4-ABDAD7662905}
	EndGlobalSection
EndGlobal
